
Microsoft Visual Studio Solution File, Format Version 12.00
# Visual Studio Version 17
VisualStudioVersion = 17.6.33815.320
MinimumVisualStudioVersion = 10.0.40219.1
Project("{FAE04EC0-301F-11D3-BF4B-00C04F79EFBC}") = "WpfAppXaml6", "WpfAppXaml6\WpfAppXaml6.csproj", "{D9E6273C-82ED-41BA-A160-998E2BA76038}"
EndProject
Global
	GlobalSection(SolutionConfigurationPlatforms) = preSolution
		Debug|Any CPU = Debug|Any CPU
		Release|Any CPU = Release|Any CPU
	EndGlobalSection
	GlobalSection(ProjectConfigurationPlatforms) = postSolution
		{D9E6273C-82ED-41BA-A160-998E2BA76038}.Debug|Any CPU.ActiveCfg = Debug|Any CPU
		{D9E6273C-82ED-41BA-A160-998E2BA76038}.Debug|Any CPU.Build.0 = Debug|Any CPU
		{D9E6273C-82ED-41BA-A160-998E2BA76038}.Release|Any CPU.ActiveCfg = Release|Any CPU
		{D9E6273C-82ED-41BA-A160-998E2BA76038}.Release|Any CPU.Build.0 = Release|Any CPU
	EndGlobalSection
	GlobalSection(SolutionProperties) = preSolution
		HideSolutionNode = FALSE
	EndGlobalSection
	GlobalSection(ExtensibilityGlobals) = postSolution
		SolutionGuid = {B7E60356-04A5-45CB-9116-B6B42064DAE7}
	EndGlobalSection
EndGlobal
