
Microsoft Visual Studio Solution File, Format Version 12.00
# Visual Studio Version 17
VisualStudioVersion = 17.0.31912.275
MinimumVisualStudioVersion = 10.0.40219.1
Project("{FAE04EC0-301F-11D3-BF4B-00C04F79EFBC}") = "WpfApp1", "WpfApp1\WpfApp1.csproj", "{E5B218A4-A301-4611-BC74-D6D55B71A167}"
EndProject
Project("{FAE04EC0-301F-11D3-BF4B-00C04F79EFBC}") = "WpfApp2", "WpfApp2\WpfApp2.csproj", "{820C7664-5CC6-424E-A87B-CE86FDB1D327}"
EndProject
Global
	GlobalSection(SolutionConfigurationPlatforms) = preSolution
		Debug|Any CPU = Debug|Any CPU
		Release|Any CPU = Release|Any CPU
	EndGlobalSection
	GlobalSection(ProjectConfigurationPlatforms) = postSolution
		{E5B218A4-A301-4611-BC74-D6D55B71A167}.Debug|Any CPU.ActiveCfg = Debug|Any CPU
		{E5B218A4-A301-4611-BC74-D6D55B71A167}.Debug|Any CPU.Build.0 = Debug|Any CPU
		{E5B218A4-A301-4611-BC74-D6D55B71A167}.Release|Any CPU.ActiveCfg = Release|Any CPU
		{E5B218A4-A301-4611-BC74-D6D55B71A167}.Release|Any CPU.Build.0 = Release|Any CPU
		{820C7664-5CC6-424E-A87B-CE86FDB1D327}.Debug|Any CPU.ActiveCfg = Debug|Any CPU
		{820C7664-5CC6-424E-A87B-CE86FDB1D327}.Debug|Any CPU.Build.0 = Debug|Any CPU
		{820C7664-5CC6-424E-A87B-CE86FDB1D327}.Release|Any CPU.ActiveCfg = Release|Any CPU
		{820C7664-5CC6-424E-A87B-CE86FDB1D327}.Release|Any CPU.Build.0 = Release|Any CPU
	EndGlobalSection
	GlobalSection(SolutionProperties) = preSolution
		HideSolutionNode = FALSE
	EndGlobalSection
	GlobalSection(ExtensibilityGlobals) = postSolution
		SolutionGuid = {186F0279-2AAF-4A1D-B6D9-9F7E231C58A7}
	EndGlobalSection
EndGlobal
