
Microsoft Visual Studio Solution File, Format Version 12.00
# Visual Studio Version 17
VisualStudioVersion = 17.6.33723.286
MinimumVisualStudioVersion = 10.0.40219.1
Project("{FAE04EC0-301F-11D3-BF4B-00C04F79EFBC}") = "Wpf4App", "Wpf4App\Wpf4App.csproj", "{8BB98DD9-BF55-4B9C-8362-B6F79A846176}"
EndProject
Global
	GlobalSection(SolutionConfigurationPlatforms) = preSolution
		Debug|Any CPU = Debug|Any CPU
		Release|Any CPU = Release|Any CPU
	EndGlobalSection
	GlobalSection(ProjectConfigurationPlatforms) = postSolution
		{8BB98DD9-BF55-4B9C-8362-B6F79A846176}.Debug|Any CPU.ActiveCfg = Debug|Any CPU
		{8BB98DD9-BF55-4B9C-8362-B6F79A846176}.Debug|Any CPU.Build.0 = Debug|Any CPU
		{8BB98DD9-BF55-4B9C-8362-B6F79A846176}.Release|Any CPU.ActiveCfg = Release|Any CPU
		{8BB98DD9-BF55-4B9C-8362-B6F79A846176}.Release|Any CPU.Build.0 = Release|Any CPU
	EndGlobalSection
	GlobalSection(SolutionProperties) = preSolution
		HideSolutionNode = FALSE
	EndGlobalSection
	GlobalSection(ExtensibilityGlobals) = postSolution
		SolutionGuid = {000B157E-0479-4A68-9CCA-BA98D7DAF0B4}
	EndGlobalSection
EndGlobal
