
Microsoft Visual Studio Solution File, Format Version 12.00
# Visual Studio Version 17
VisualStudioVersion = 17.6.33815.320
MinimumVisualStudioVersion = 10.0.40219.1
Project("{FAE04EC0-301F-11D3-BF4B-00C04F79EFBC}") = "WpfApp5", "WpfApp5\WpfApp5.csproj", "{90B4D319-D69B-4B20-9FD0-640C7C90F74C}"
EndProject
Global
	GlobalSection(SolutionConfigurationPlatforms) = preSolution
		Debug|Any CPU = Debug|Any CPU
		Release|Any CPU = Release|Any CPU
	EndGlobalSection
	GlobalSection(ProjectConfigurationPlatforms) = postSolution
		{90B4D319-D69B-4B20-9FD0-640C7C90F74C}.Debug|Any CPU.ActiveCfg = Debug|Any CPU
		{90B4D319-D69B-4B20-9FD0-640C7C90F74C}.Debug|Any CPU.Build.0 = Debug|Any CPU
		{90B4D319-D69B-4B20-9FD0-640C7C90F74C}.Release|Any CPU.ActiveCfg = Release|Any CPU
		{90B4D319-D69B-4B20-9FD0-640C7C90F74C}.Release|Any CPU.Build.0 = Release|Any CPU
	EndGlobalSection
	GlobalSection(SolutionProperties) = preSolution
		HideSolutionNode = FALSE
	EndGlobalSection
	GlobalSection(ExtensibilityGlobals) = postSolution
		SolutionGuid = {F05B5FEA-E073-417F-B8DD-3AEC1B825F9E}
	EndGlobalSection
EndGlobal
