
Microsoft Visual Studio Solution File, Format Version 12.00
# Visual Studio Version 17
VisualStudioVersion = 17.6.33815.320
MinimumVisualStudioVersion = 10.0.40219.1
Project("{FAE04EC0-301F-11D3-BF4B-00C04F79EFBC}") = "WpfApp1", "WpfApp1\WpfApp1.csproj", "{39AAFA87-0367-4E66-8437-F4048E281E21}"
EndProject
Global
	GlobalSection(SolutionConfigurationPlatforms) = preSolution
		Debug|Any CPU = Debug|Any CPU
		Release|Any CPU = Release|Any CPU
	EndGlobalSection
	GlobalSection(ProjectConfigurationPlatforms) = postSolution
		{39AAFA87-0367-4E66-8437-F4048E281E21}.Debug|Any CPU.ActiveCfg = Debug|Any CPU
		{39AAFA87-0367-4E66-8437-F4048E281E21}.Debug|Any CPU.Build.0 = Debug|Any CPU
		{39AAFA87-0367-4E66-8437-F4048E281E21}.Release|Any CPU.ActiveCfg = Release|Any CPU
		{39AAFA87-0367-4E66-8437-F4048E281E21}.Release|Any CPU.Build.0 = Release|Any CPU
	EndGlobalSection
	GlobalSection(SolutionProperties) = preSolution
		HideSolutionNode = FALSE
	EndGlobalSection
	GlobalSection(ExtensibilityGlobals) = postSolution
		SolutionGuid = {0529596D-316A-4918-9213-82FB3BC49421}
	EndGlobalSection
EndGlobal
